
Microsoft Visual Studio Solution File, Format Version 12.00
# Visual Studio Version 17
VisualStudioVersion = 17.8.34309.116
MinimumVisualStudioVersion = 10.0.40219.1
Project("{9A19103F-16F7-4668-BE54-9A1E7A4F7556}") = "KantynaLaser.Web", "KantynaLaser.Web\KantynaLaser.Web.csproj", "{E6879A27-7554-416D-99DA-00B590816D31}"
EndProject
Project("{9A19103F-16F7-4668-BE54-9A1E7A4F7556}") = "KantynaLaser.UnitTests", "KantynaLaser.UnitTests\KantynaLaser.UnitTests.csproj", "{7A5437EA-23B6-46F5-9D7F-72C0BF22B2D3}"
EndProject
Project("{9A19103F-16F7-4668-BE54-9A1E7A4F7556}") = "KantynaLaser.IntegrationTests", "KantynaLaser.IntegrationTests\KantynaLaser.IntegrationTests.csproj", "{16CD83C2-B42E-4056-A864-754F6D175A4E}"
EndProject
Global
	GlobalSection(SolutionConfigurationPlatforms) = preSolution
		Debug|Any CPU = Debug|Any CPU
		Release|Any CPU = Release|Any CPU
	EndGlobalSection
	GlobalSection(ProjectConfigurationPlatforms) = postSolution
		{E6879A27-7554-416D-99DA-00B590816D31}.Debug|Any CPU.ActiveCfg = Debug|Any CPU
		{E6879A27-7554-416D-99DA-00B590816D31}.Debug|Any CPU.Build.0 = Debug|Any CPU
		{E6879A27-7554-416D-99DA-00B590816D31}.Release|Any CPU.ActiveCfg = Release|Any CPU
		{E6879A27-7554-416D-99DA-00B590816D31}.Release|Any CPU.Build.0 = Release|Any CPU
		{7A5437EA-23B6-46F5-9D7F-72C0BF22B2D3}.Debug|Any CPU.ActiveCfg = Debug|Any CPU
		{7A5437EA-23B6-46F5-9D7F-72C0BF22B2D3}.Debug|Any CPU.Build.0 = Debug|Any CPU
		{7A5437EA-23B6-46F5-9D7F-72C0BF22B2D3}.Release|Any CPU.ActiveCfg = Release|Any CPU
		{7A5437EA-23B6-46F5-9D7F-72C0BF22B2D3}.Release|Any CPU.Build.0 = Release|Any CPU
		{16CD83C2-B42E-4056-A864-754F6D175A4E}.Debug|Any CPU.ActiveCfg = Debug|Any CPU
		{16CD83C2-B42E-4056-A864-754F6D175A4E}.Debug|Any CPU.Build.0 = Debug|Any CPU
		{16CD83C2-B42E-4056-A864-754F6D175A4E}.Release|Any CPU.ActiveCfg = Release|Any CPU
		{16CD83C2-B42E-4056-A864-754F6D175A4E}.Release|Any CPU.Build.0 = Release|Any CPU
	EndGlobalSection
	GlobalSection(SolutionProperties) = preSolution
		HideSolutionNode = FALSE
	EndGlobalSection
	GlobalSection(ExtensibilityGlobals) = postSolution
		SolutionGuid = {536669E5-6C37-40DA-B378-F5A972DDAB2E}
	EndGlobalSection
EndGlobal
